
Microsoft Visual Studio Solution File, Format Version 12.00
# Visual Studio Version 17
VisualStudioVersion = 17.1.32210.238
MinimumVisualStudioVersion = 10.0.40219.1
Project("{FAE04EC0-301F-11D3-BF4B-00C04F79EFBC}") = "ConsoleApp13", "ConsoleApp13\ConsoleApp13.csproj", "{752A8124-7632-4DEF-BB85-98D520034B47}"
EndProject
Global
	GlobalSection(SolutionConfigurationPlatforms) = preSolution
		Debug|Any CPU = Debug|Any CPU
		Release|Any CPU = Release|Any CPU
	EndGlobalSection
	GlobalSection(ProjectConfigurationPlatforms) = postSolution
		{752A8124-7632-4DEF-BB85-98D520034B47}.Debug|Any CPU.ActiveCfg = Debug|Any CPU
		{752A8124-7632-4DEF-BB85-98D520034B47}.Debug|Any CPU.Build.0 = Debug|Any CPU
		{752A8124-7632-4DEF-BB85-98D520034B47}.Release|Any CPU.ActiveCfg = Release|Any CPU
		{752A8124-7632-4DEF-BB85-98D520034B47}.Release|Any CPU.Build.0 = Release|Any CPU
	EndGlobalSection
	GlobalSection(SolutionProperties) = preSolution
		HideSolutionNode = FALSE
	EndGlobalSection
	GlobalSection(ExtensibilityGlobals) = postSolution
		SolutionGuid = {34AF4517-762A-4DA3-A993-0C2E0C92F3BA}
	EndGlobalSection
EndGlobal
